// !$*UTF8*$!
{
	archiveVersion = 1;
	classes = {
	};
	objectVersion = 55;
	objects = {

/* Begin PBXBuildFile section */
		6FD7A85627BD2B9D00B94203 /* listApp.swift in Sources */ = {isa = PBXBuildFile; fileRef = 6FD7A85527BD2B9D00B94203 /* listApp.swift */; };
		6FD7A85827BD2B9D00B94203 /* ContentView.swift in Sources */ = {isa = PBXBuildFile; fileRef = 6FD7A85727BD2B9D00B94203 /* ContentView.swift */; };
		6FD7A85A27BD2B9E00B94203 /* Assets.xcassets in Resources */ = {isa = PBXBuildFile; fileRef = 6FD7A85927BD2B9E00B94203 /* Assets.xcassets */; };
		6FD7A85D27BD2B9E00B94203 /* Preview Assets.xcassets in Resources */ = {isa = PBXBuildFile; fileRef = 6FD7A85C27BD2B9E00B94203 /* Preview Assets.xcassets */; };
		6FD7A86627BD2CEF00B94203 /* Track.swift in Sources */ = {isa = PBXBuildFile; fileRef = 6FD7A86527BD2CEF00B94203 /* Track.swift */; };
		6FD7A86B27BD3F4500B94203 /* TrackState.swift in Sources */ = {isa = PBXBuildFile; fileRef = 6FD7A86A27BD3F4500B94203 /* TrackState.swift */; };
		6FD7A86D27BD3F5000B94203 /* Intent.swift in Sources */ = {isa = PBXBuildFile; fileRef = 6FD7A86C27BD3F5000B94203 /* Intent.swift */; };
		6FD7A87027BD3F8200B94203 /* TrackViewModel.swift in Sources */ = {isa = PBXBuildFile; fileRef = 6FD7A86F27BD3F8200B94203 /* TrackViewModel.swift */; };
		6FD7A87227BD418B00B94203 /* ViewModelError.swift in Sources */ = {isa = PBXBuildFile; fileRef = 6FD7A87127BD418B00B94203 /* ViewModelError.swift */; };
		6FD7A87427BD459C00B94203 /* TrackObserver.swift in Sources */ = {isa = PBXBuildFile; fileRef = 6FD7A87327BD459C00B94203 /* TrackObserver.swift */; };
		6FD7A87B27BE7DA300B94203 /* EditView.swift in Sources */ = {isa = PBXBuildFile; fileRef = 6FD7A87A27BE7DA300B94203 /* EditView.swift */; };
		6FD7A87F27BE844C00B94203 /* TrackDTO.swift in Sources */ = {isa = PBXBuildFile; fileRef = 6FD7A87E27BE844C00B94203 /* TrackDTO.swift */; };
		6FD7A88127BE846300B94203 /* TrackDAO.swift in Sources */ = {isa = PBXBuildFile; fileRef = 6FD7A88027BE846300B94203 /* TrackDAO.swift */; };
		6FD7A88427BE8A3600B94203 /* JSONHelper.swift in Sources */ = {isa = PBXBuildFile; fileRef = 6FD7A88327BE8A3600B94203 /* JSONHelper.swift */; };
		6FD7A88627BE8F1200B94203 /* JSONError.swift in Sources */ = {isa = PBXBuildFile; fileRef = 6FD7A88527BE8F1200B94203 /* JSONError.swift */; };
/* End PBXBuildFile section */

/* Begin PBXFileReference section */
		6FD7A85227BD2B9D00B94203 /* list.app */ = {isa = PBXFileReference; explicitFileType = wrapper.application; includeInIndex = 0; path = list.app; sourceTree = BUILT_PRODUCTS_DIR; };
		6FD7A85527BD2B9D00B94203 /* listApp.swift */ = {isa = PBXFileReference; lastKnownFileType = sourcecode.swift; path = listApp.swift; sourceTree = "<group>"; };
		6FD7A85727BD2B9D00B94203 /* ContentView.swift */ = {isa = PBXFileReference; lastKnownFileType = sourcecode.swift; path = ContentView.swift; sourceTree = "<group>"; };
		6FD7A85927BD2B9E00B94203 /* Assets.xcassets */ = {isa = PBXFileReference; lastKnownFileType = folder.assetcatalog; path = Assets.xcassets; sourceTree = "<group>"; };
		6FD7A85C27BD2B9E00B94203 /* Preview Assets.xcassets */ = {isa = PBXFileReference; lastKnownFileType = folder.assetcatalog; path = "Preview Assets.xcassets"; sourceTree = "<group>"; };
		6FD7A86527BD2CEF00B94203 /* Track.swift */ = {isa = PBXFileReference; lastKnownFileType = sourcecode.swift; path = Track.swift; sourceTree = "<group>"; };
		6FD7A86A27BD3F4500B94203 /* TrackState.swift */ = {isa = PBXFileReference; lastKnownFileType = sourcecode.swift; path = TrackState.swift; sourceTree = "<group>"; };
		6FD7A86C27BD3F5000B94203 /* Intent.swift */ = {isa = PBXFileReference; lastKnownFileType = sourcecode.swift; path = Intent.swift; sourceTree = "<group>"; };
		6FD7A86F27BD3F8200B94203 /* TrackViewModel.swift */ = {isa = PBXFileReference; lastKnownFileType = sourcecode.swift; path = TrackViewModel.swift; sourceTree = "<group>"; };
		6FD7A87127BD418B00B94203 /* ViewModelError.swift */ = {isa = PBXFileReference; lastKnownFileType = sourcecode.swift; path = ViewModelError.swift; sourceTree = "<group>"; };
		6FD7A87327BD459C00B94203 /* TrackObserver.swift */ = {isa = PBXFileReference; lastKnownFileType = sourcecode.swift; path = TrackObserver.swift; sourceTree = "<group>"; };
		6FD7A87A27BE7DA300B94203 /* EditView.swift */ = {isa = PBXFileReference; lastKnownFileType = sourcecode.swift; path = EditView.swift; sourceTree = "<group>"; };
		6FD7A87D27BE840A00B94203 /* tracks.geojson */ = {isa = PBXFileReference; lastKnownFileType = text; path = tracks.geojson; sourceTree = "<group>"; };
		6FD7A87E27BE844C00B94203 /* TrackDTO.swift */ = {isa = PBXFileReference; lastKnownFileType = sourcecode.swift; path = TrackDTO.swift; sourceTree = "<group>"; };
		6FD7A88027BE846300B94203 /* TrackDAO.swift */ = {isa = PBXFileReference; lastKnownFileType = sourcecode.swift; path = TrackDAO.swift; sourceTree = "<group>"; };
		6FD7A88327BE8A3600B94203 /* JSONHelper.swift */ = {isa = PBXFileReference; lastKnownFileType = sourcecode.swift; path = JSONHelper.swift; sourceTree = "<group>"; };
		6FD7A88527BE8F1200B94203 /* JSONError.swift */ = {isa = PBXFileReference; lastKnownFileType = sourcecode.swift; path = JSONError.swift; sourceTree = "<group>"; };
/* End PBXFileReference section */

/* Begin PBXFrameworksBuildPhase section */
		6FD7A84F27BD2B9D00B94203 /* Frameworks */ = {
			isa = PBXFrameworksBuildPhase;
			buildActionMask = 2147483647;
			files = (
			);
			runOnlyForDeploymentPostprocessing = 0;
		};
/* End PBXFrameworksBuildPhase section */

/* Begin PBXGroup section */
		6FD7A84927BD2B9D00B94203 = {
			isa = PBXGroup;
			children = (
				6FD7A85427BD2B9D00B94203 /* list */,
				6FD7A85327BD2B9D00B94203 /* Products */,
			);
			sourceTree = "<group>";
		};
		6FD7A85327BD2B9D00B94203 /* Products */ = {
			isa = PBXGroup;
			children = (
				6FD7A85227BD2B9D00B94203 /* list.app */,
			);
			name = Products;
			sourceTree = "<group>";
		};
		6FD7A85427BD2B9D00B94203 /* list */ = {
			isa = PBXGroup;
			children = (
				6FD7A88227BE86BD00B94203 /* Extensions */,
				6FD7A87C27BE83E000B94203 /* data */,
				6FD7A87927BE7D7400B94203 /* View */,
				6FD7A86E27BD3F5D00B94203 /* ViewModel */,
				6FD7A86927BD3F3400B94203 /* Intent */,
				6FD7A85527BD2B9D00B94203 /* listApp.swift */,
				6FD7A86327BD2CC400B94203 /* Models */,
				6FD7A85927BD2B9E00B94203 /* Assets.xcassets */,
				6FD7A85B27BD2B9E00B94203 /* Preview Content */,
			);
			path = list;
			sourceTree = "<group>";
		};
		6FD7A85B27BD2B9E00B94203 /* Preview Content */ = {
			isa = PBXGroup;
			children = (
				6FD7A85C27BD2B9E00B94203 /* Preview Assets.xcassets */,
			);
			path = "Preview Content";
			sourceTree = "<group>";
		};
		6FD7A86327BD2CC400B94203 /* Models */ = {
			isa = PBXGroup;
			children = (
				6FD7A86527BD2CEF00B94203 /* Track.swift */,
				6FD7A87327BD459C00B94203 /* TrackObserver.swift */,
			);
			path = Models;
			sourceTree = "<group>";
		};
		6FD7A86927BD3F3400B94203 /* Intent */ = {
			isa = PBXGroup;
			children = (
				6FD7A86A27BD3F4500B94203 /* TrackState.swift */,
				6FD7A86C27BD3F5000B94203 /* Intent.swift */,
			);
			path = Intent;
			sourceTree = "<group>";
		};
		6FD7A86E27BD3F5D00B94203 /* ViewModel */ = {
			isa = PBXGroup;
			children = (
				6FD7A86F27BD3F8200B94203 /* TrackViewModel.swift */,
				6FD7A87127BD418B00B94203 /* ViewModelError.swift */,
			);
			path = ViewModel;
			sourceTree = "<group>";
		};
		6FD7A87927BE7D7400B94203 /* View */ = {
			isa = PBXGroup;
			children = (
				6FD7A85727BD2B9D00B94203 /* ContentView.swift */,
				6FD7A87A27BE7DA300B94203 /* EditView.swift */,
			);
			path = View;
			sourceTree = "<group>";
		};
		6FD7A87C27BE83E000B94203 /* data */ = {
			isa = PBXGroup;
			children = (
				6FD7A87D27BE840A00B94203 /* tracks.geojson */,
				6FD7A87E27BE844C00B94203 /* TrackDTO.swift */,
				6FD7A88027BE846300B94203 /* TrackDAO.swift */,
				6FD7A88327BE8A3600B94203 /* JSONHelper.swift */,
				6FD7A88527BE8F1200B94203 /* JSONError.swift */,
			);
			path = data;
			sourceTree = "<group>";
		};
		6FD7A88227BE86BD00B94203 /* Extensions */ = {
			isa = PBXGroup;
			children = (
			);
			path = Extensions;
			sourceTree = "<group>";
		};
/* End PBXGroup section */

/* Begin PBXNativeTarget section */
		6FD7A85127BD2B9D00B94203 /* list */ = {
			isa = PBXNativeTarget;
			buildConfigurationList = 6FD7A86027BD2B9E00B94203 /* Build configuration list for PBXNativeTarget "list" */;
			buildPhases = (
				6FD7A84E27BD2B9D00B94203 /* Sources */,
				6FD7A84F27BD2B9D00B94203 /* Frameworks */,
				6FD7A85027BD2B9D00B94203 /* Resources */,
			);
			buildRules = (
			);
			dependencies = (
			);
			name = list;
			productName = list;
			productReference = 6FD7A85227BD2B9D00B94203 /* list.app */;
			productType = "com.apple.product-type.application";
		};
/* End PBXNativeTarget section */

/* Begin PBXProject section */
		6FD7A84A27BD2B9D00B94203 /* Project object */ = {
			isa = PBXProject;
			attributes = {
				BuildIndependentTargetsInParallel = 1;
				LastSwiftUpdateCheck = 1320;
				LastUpgradeCheck = 1320;
				TargetAttributes = {
					6FD7A85127BD2B9D00B94203 = {
						CreatedOnToolsVersion = 13.2.1;
					};
				};
			};
			buildConfigurationList = 6FD7A84D27BD2B9D00B94203 /* Build configuration list for PBXProject "list" */;
			compatibilityVersion = "Xcode 13.0";
			developmentRegion = en;
			hasScannedForEncodings = 0;
			knownRegions = (
				en,
				Base,
			);
			mainGroup = 6FD7A84927BD2B9D00B94203;
			productRefGroup = 6FD7A85327BD2B9D00B94203 /* Products */;
			projectDirPath = "";
			projectRoot = "";
			targets = (
				6FD7A85127BD2B9D00B94203 /* list */,
			);
		};
/* End PBXProject section */

/* Begin PBXResourcesBuildPhase section */
		6FD7A85027BD2B9D00B94203 /* Resources */ = {
			isa = PBXResourcesBuildPhase;
			buildActionMask = 2147483647;
			files = (
				6FD7A85D27BD2B9E00B94203 /* Preview Assets.xcassets in Resources */,
				6FD7A85A27BD2B9E00B94203 /* Assets.xcassets in Resources */,
			);
			runOnlyForDeploymentPostprocessing = 0;
		};
/* End PBXResourcesBuildPhase section */

/* Begin PBXSourcesBuildPhase section */
		6FD7A84E27BD2B9D00B94203 /* Sources */ = {
			isa = PBXSourcesBuildPhase;
			buildActionMask = 2147483647;
			files = (
				6FD7A88127BE846300B94203 /* TrackDAO.swift in Sources */,
				6FD7A87427BD459C00B94203 /* TrackObserver.swift in Sources */,
				6FD7A87027BD3F8200B94203 /* TrackViewModel.swift in Sources */,
				6FD7A85827BD2B9D00B94203 /* ContentView.swift in Sources */,
				6FD7A85627BD2B9D00B94203 /* listApp.swift in Sources */,
				6FD7A86627BD2CEF00B94203 /* Track.swift in Sources */,
				6FD7A87F27BE844C00B94203 /* TrackDTO.swift in Sources */,
				6FD7A87B27BE7DA300B94203 /* EditView.swift in Sources */,
				6FD7A88627BE8F1200B94203 /* JSONError.swift in Sources */,
				6FD7A86B27BD3F4500B94203 /* TrackState.swift in Sources */,
				6FD7A88427BE8A3600B94203 /* JSONHelper.swift in Sources */,
				6FD7A87227BD418B00B94203 /* ViewModelError.swift in Sources */,
				6FD7A86D27BD3F5000B94203 /* Intent.swift in Sources */,
			);
			runOnlyForDeploymentPostprocessing = 0;
		};
/* End PBXSourcesBuildPhase section */

/* Begin XCBuildConfiguration section */
		6FD7A85E27BD2B9E00B94203 /* Debug */ = {
			isa = XCBuildConfiguration;
			buildSettings = {
				ALWAYS_SEARCH_USER_PATHS = NO;
				CLANG_ANALYZER_NONNULL = YES;
				CLANG_ANALYZER_NUMBER_OBJECT_CONVERSION = YES_AGGRESSIVE;
				CLANG_CXX_LANGUAGE_STANDARD = "gnu++17";
				CLANG_CXX_LIBRARY = "libc++";
				CLANG_ENABLE_MODULES = YES;
				CLANG_ENABLE_OBJC_ARC = YES;
				CLANG_ENABLE_OBJC_WEAK = YES;
				CLANG_WARN_BLOCK_CAPTURE_AUTORELEASING = YES;
				CLANG_WARN_BOOL_CONVERSION = YES;
				CLANG_WARN_COMMA = YES;
				CLANG_WARN_CONSTANT_CONVERSION = YES;
				CLANG_WARN_DEPRECATED_OBJC_IMPLEMENTATIONS = YES;
				CLANG_WARN_DIRECT_OBJC_ISA_USAGE = YES_ERROR;
				CLANG_WARN_DOCUMENTATION_COMMENTS = YES;
				CLANG_WARN_EMPTY_BODY = YES;
				CLANG_WARN_ENUM_CONVERSION = YES;
				CLANG_WARN_INFINITE_RECURSION = YES;
				CLANG_WARN_INT_CONVERSION = YES;
				CLANG_WARN_NON_LITERAL_NULL_CONVERSION = YES;
				CLANG_WARN_OBJC_IMPLICIT_RETAIN_SELF = YES;
				CLANG_WARN_OBJC_LITERAL_CONVERSION = YES;
				CLANG_WARN_OBJC_ROOT_CLASS = YES_ERROR;
				CLANG_WARN_QUOTED_INCLUDE_IN_FRAMEWORK_HEADER = YES;
				CLANG_WARN_RANGE_LOOP_ANALYSIS = YES;
				CLANG_WARN_STRICT_PROTOTYPES = YES;
				CLANG_WARN_SUSPICIOUS_MOVE = YES;
				CLANG_WARN_UNGUARDED_AVAILABILITY = YES_AGGRESSIVE;
				CLANG_WARN_UNREACHABLE_CODE = YES;
				CLANG_WARN__DUPLICATE_METHOD_MATCH = YES;
				COPY_PHASE_STRIP = NO;
				DEBUG_INFORMATION_FORMAT = dwarf;
				ENABLE_STRICT_OBJC_MSGSEND = YES;
				ENABLE_TESTABILITY = YES;
				GCC_C_LANGUAGE_STANDARD = gnu11;
				GCC_DYNAMIC_NO_PIC = NO;
				GCC_NO_COMMON_BLOCKS = YES;
				GCC_OPTIMIZATION_LEVEL = 0;
				GCC_PREPROCESSOR_DEFINITIONS = (
					"DEBUG=1",
					"$(inherited)",
				);
				GCC_WARN_64_TO_32_BIT_CONVERSION = YES;
				GCC_WARN_ABOUT_RETURN_TYPE = YES_ERROR;
				GCC_WARN_UNDECLARED_SELECTOR = YES;
				GCC_WARN_UNINITIALIZED_AUTOS = YES_AGGRESSIVE;
				GCC_WARN_UNUSED_FUNCTION = YES;
				GCC_WARN_UNUSED_VARIABLE = YES;
				IPHONEOS_DEPLOYMENT_TARGET = 15.2;
				MTL_ENABLE_DEBUG_INFO = INCLUDE_SOURCE;
				MTL_FAST_MATH = YES;
				ONLY_ACTIVE_ARCH = YES;
				SDKROOT = iphoneos;
				SWIFT_ACTIVE_COMPILATION_CONDITIONS = DEBUG;
				SWIFT_OPTIMIZATION_LEVEL = "-Onone";
			};
			name = Debug;
		};
		6FD7A85F27BD2B9E00B94203 /* Release */ = {
			isa = XCBuildConfiguration;
			buildSettings = {
				ALWAYS_SEARCH_USER_PATHS = NO;
				CLANG_ANALYZER_NONNULL = YES;
				CLANG_ANALYZER_NUMBER_OBJECT_CONVERSION = YES_AGGRESSIVE;
				CLANG_CXX_LANGUAGE_STANDARD = "gnu++17";
				CLANG_CXX_LIBRARY = "libc++";
				CLANG_ENABLE_MODULES = YES;
				CLANG_ENABLE_OBJC_ARC = YES;
				CLANG_ENABLE_OBJC_WEAK = YES;
				CLANG_WARN_BLOCK_CAPTURE_AUTORELEASING = YES;
				CLANG_WARN_BOOL_CONVERSION = YES;
				CLANG_WARN_COMMA = YES;
				CLANG_WARN_CONSTANT_CONVERSION = YES;
				CLANG_WARN_DEPRECATED_OBJC_IMPLEMENTATIONS = YES;
				CLANG_WARN_DIRECT_OBJC_ISA_USAGE = YES_ERROR;
				CLANG_WARN_DOCUMENTATION_COMMENTS = YES;
				CLANG_WARN_EMPTY_BODY = YES;
				CLANG_WARN_ENUM_CONVERSION = YES;
				CLANG_WARN_INFINITE_RECURSION = YES;
				CLANG_WARN_INT_CONVERSION = YES;
				CLANG_WARN_NON_LITERAL_NULL_CONVERSION = YES;
				CLANG_WARN_OBJC_IMPLICIT_RETAIN_SELF = YES;
				CLANG_WARN_OBJC_LITERAL_CONVERSION = YES;
				CLANG_WARN_OBJC_ROOT_CLASS = YES_ERROR;
				CLANG_WARN_QUOTED_INCLUDE_IN_FRAMEWORK_HEADER = YES;
				CLANG_WARN_RANGE_LOOP_ANALYSIS = YES;
				CLANG_WARN_STRICT_PROTOTYPES = YES;
				CLANG_WARN_SUSPICIOUS_MOVE = YES;
				CLANG_WARN_UNGUARDED_AVAILABILITY = YES_AGGRESSIVE;
				CLANG_WARN_UNREACHABLE_CODE = YES;
				CLANG_WARN__DUPLICATE_METHOD_MATCH = YES;
				COPY_PHASE_STRIP = NO;
				DEBUG_INFORMATION_FORMAT = "dwarf-with-dsym";
				ENABLE_NS_ASSERTIONS = NO;
				ENABLE_STRICT_OBJC_MSGSEND = YES;
				GCC_C_LANGUAGE_STANDARD = gnu11;
				GCC_NO_COMMON_BLOCKS = YES;
				GCC_WARN_64_TO_32_BIT_CONVERSION = YES;
				GCC_WARN_ABOUT_RETURN_TYPE = YES_ERROR;
				GCC_WARN_UNDECLARED_SELECTOR = YES;
				GCC_WARN_UNINITIALIZED_AUTOS = YES_AGGRESSIVE;
				GCC_WARN_UNUSED_FUNCTION = YES;
				GCC_WARN_UNUSED_VARIABLE = YES;
				IPHONEOS_DEPLOYMENT_TARGET = 15.2;
				MTL_ENABLE_DEBUG_INFO = NO;
				MTL_FAST_MATH = YES;
				SDKROOT = iphoneos;
				SWIFT_COMPILATION_MODE = wholemodule;
				SWIFT_OPTIMIZATION_LEVEL = "-O";
				VALIDATE_PRODUCT = YES;
			};
			name = Release;
		};
		6FD7A86127BD2B9E00B94203 /* Debug */ = {
			isa = XCBuildConfiguration;
			buildSettings = {
				ASSETCATALOG_COMPILER_APPICON_NAME = AppIcon;
				ASSETCATALOG_COMPILER_GLOBAL_ACCENT_COLOR_NAME = AccentColor;
				CODE_SIGN_STYLE = Automatic;
				CURRENT_PROJECT_VERSION = 1;
				DEVELOPMENT_ASSET_PATHS = "\"list/Preview Content\"";
				DEVELOPMENT_TEAM = 5758YA69JR;
				ENABLE_PREVIEWS = YES;
				GENERATE_INFOPLIST_FILE = YES;
				INFOPLIST_KEY_UIApplicationSceneManifest_Generation = YES;
				INFOPLIST_KEY_UIApplicationSupportsIndirectInputEvents = YES;
				INFOPLIST_KEY_UILaunchScreen_Generation = YES;
				INFOPLIST_KEY_UISupportedInterfaceOrientations_iPad = "UIInterfaceOrientationPortrait UIInterfaceOrientationPortraitUpsideDown UIInterfaceOrientationLandscapeLeft UIInterfaceOrientationLandscapeRight";
				INFOPLIST_KEY_UISupportedInterfaceOrientations_iPhone = "UIInterfaceOrientationPortrait UIInterfaceOrientationLandscapeLeft UIInterfaceOrientationLandscapeRight";
				LD_RUNPATH_SEARCH_PATHS = (
					"$(inherited)",
					"@executable_path/Frameworks",
				);
				MARKETING_VERSION = 1.0;
				PRODUCT_BUNDLE_IDENTIFIER = "Polytech-mtp.list";
				PRODUCT_NAME = "$(TARGET_NAME)";
				SWIFT_EMIT_LOC_STRINGS = YES;
				SWIFT_VERSION = 5.0;
				TARGETED_DEVICE_FAMILY = "1,2";
			};
			name = Debug;
		};
		6FD7A86227BD2B9E00B94203 /* Release */ = {
			isa = XCBuildConfiguration;
			buildSettings = {
				ASSETCATALOG_COMPILER_APPICON_NAME = AppIcon;
				ASSETCATALOG_COMPILER_GLOBAL_ACCENT_COLOR_NAME = AccentColor;
				CODE_SIGN_STYLE = Automatic;
				CURRENT_PROJECT_VERSION = 1;
				DEVELOPMENT_ASSET_PATHS = "\"list/Preview Content\"";
				DEVELOPMENT_TEAM = 5758YA69JR;
				ENABLE_PREVIEWS = YES;
				GENERATE_INFOPLIST_FILE = YES;
				INFOPLIST_KEY_UIApplicationSceneManifest_Generation = YES;
				INFOPLIST_KEY_UIApplicationSupportsIndirectInputEvents = YES;
				INFOPLIST_KEY_UILaunchScreen_Generation = YES;
				INFOPLIST_KEY_UISupportedInterfaceOrientations_iPad = "UIInterfaceOrientationPortrait UIInterfaceOrientationPortraitUpsideDown UIInterfaceOrientationLandscapeLeft UIInterfaceOrientationLandscapeRight";
				INFOPLIST_KEY_UISupportedInterfaceOrientations_iPhone = "UIInterfaceOrientationPortrait UIInterfaceOrientationLandscapeLeft UIInterfaceOrientationLandscapeRight";
				LD_RUNPATH_SEARCH_PATHS = (
					"$(inherited)",
					"@executable_path/Frameworks",
				);
				MARKETING_VERSION = 1.0;
				PRODUCT_BUNDLE_IDENTIFIER = "Polytech-mtp.list";
				PRODUCT_NAME = "$(TARGET_NAME)";
				SWIFT_EMIT_LOC_STRINGS = YES;
				SWIFT_VERSION = 5.0;
				TARGETED_DEVICE_FAMILY = "1,2";
			};
			name = Release;
		};
/* End XCBuildConfiguration section */

/* Begin XCConfigurationList section */
		6FD7A84D27BD2B9D00B94203 /* Build configuration list for PBXProject "list" */ = {
			isa = XCConfigurationList;
			buildConfigurations = (
				6FD7A85E27BD2B9E00B94203 /* Debug */,
				6FD7A85F27BD2B9E00B94203 /* Release */,
			);
			defaultConfigurationIsVisible = 0;
			defaultConfigurationName = Release;
		};
		6FD7A86027BD2B9E00B94203 /* Build configuration list for PBXNativeTarget "list" */ = {
			isa = XCConfigurationList;
			buildConfigurations = (
				6FD7A86127BD2B9E00B94203 /* Debug */,
				6FD7A86227BD2B9E00B94203 /* Release */,
			);
			defaultConfigurationIsVisible = 0;
			defaultConfigurationName = Release;
		};
/* End XCConfigurationList section */
	};
	rootObject = 6FD7A84A27BD2B9D00B94203 /* Project object */;
}
